
Microsoft Visual Studio Solution File, Format Version 12.00
# Visual Studio Version 16
VisualStudioVersion = 16.0.31005.135
MinimumVisualStudioVersion = 10.0.40219.1
Project("{FAE04EC0-301F-11D3-BF4B-00C04F79EFBC}") = "WindowsFormsEpuletek", "WindowsFormsEpuletek\WindowsFormsEpuletek.csproj", "{EEF7A8C7-EE63-402D-958E-18D5B3ED7C3C}"
EndProject
Global
	GlobalSection(SolutionConfigurationPlatforms) = preSolution
		Debug|Any CPU = Debug|Any CPU
		Release|Any CPU = Release|Any CPU
	EndGlobalSection
	GlobalSection(ProjectConfigurationPlatforms) = postSolution
		{EEF7A8C7-EE63-402D-958E-18D5B3ED7C3C}.Debug|Any CPU.ActiveCfg = Debug|Any CPU
		{EEF7A8C7-EE63-402D-958E-18D5B3ED7C3C}.Debug|Any CPU.Build.0 = Debug|Any CPU
		{EEF7A8C7-EE63-402D-958E-18D5B3ED7C3C}.Release|Any CPU.ActiveCfg = Release|Any CPU
		{EEF7A8C7-EE63-402D-958E-18D5B3ED7C3C}.Release|Any CPU.Build.0 = Release|Any CPU
	EndGlobalSection
	GlobalSection(SolutionProperties) = preSolution
		HideSolutionNode = FALSE
	EndGlobalSection
	GlobalSection(ExtensibilityGlobals) = postSolution
		SolutionGuid = {5F85FF46-BFD9-4FE7-913B-119E277D9147}
	EndGlobalSection
EndGlobal
